
Microsoft Visual Studio Solution File, Format Version 12.00
# Visual Studio Version 16
VisualStudioVersion = 16.0.29519.87
MinimumVisualStudioVersion = 10.0.40219.1
Project("{FAE04EC0-301F-11D3-BF4B-00C04F79EFBC}") = "Barberia.Logica", "Barberia.Logica\Barberia.Logica.csproj", "{1EFC4870-023B-4CC0-910E-A1820BCF619A}"
EndProject
Project("{FAE04EC0-301F-11D3-BF4B-00C04F79EFBC}") = "AppBarberia", "AppBarberia\AppBarberia.csproj", "{AB32DBAA-5AB6-4FF6-9A27-044BC483590B}"
EndProject
Global
	GlobalSection(SolutionConfigurationPlatforms) = preSolution
		Debug|Any CPU = Debug|Any CPU
		Release|Any CPU = Release|Any CPU
	EndGlobalSection
	GlobalSection(ProjectConfigurationPlatforms) = postSolution
		{1EFC4870-023B-4CC0-910E-A1820BCF619A}.Debug|Any CPU.ActiveCfg = Debug|Any CPU
		{1EFC4870-023B-4CC0-910E-A1820BCF619A}.Debug|Any CPU.Build.0 = Debug|Any CPU
		{1EFC4870-023B-4CC0-910E-A1820BCF619A}.Release|Any CPU.ActiveCfg = Release|Any CPU
		{1EFC4870-023B-4CC0-910E-A1820BCF619A}.Release|Any CPU.Build.0 = Release|Any CPU
		{AB32DBAA-5AB6-4FF6-9A27-044BC483590B}.Debug|Any CPU.ActiveCfg = Debug|Any CPU
		{AB32DBAA-5AB6-4FF6-9A27-044BC483590B}.Debug|Any CPU.Build.0 = Debug|Any CPU
		{AB32DBAA-5AB6-4FF6-9A27-044BC483590B}.Release|Any CPU.ActiveCfg = Release|Any CPU
		{AB32DBAA-5AB6-4FF6-9A27-044BC483590B}.Release|Any CPU.Build.0 = Release|Any CPU
	EndGlobalSection
	GlobalSection(SolutionProperties) = preSolution
		HideSolutionNode = FALSE
	EndGlobalSection
	GlobalSection(ExtensibilityGlobals) = postSolution
		SolutionGuid = {F2CD7022-2653-47EB-AB27-820B6426DE8C}
	EndGlobalSection
EndGlobal
